{
    "name": "pg-drag",
    "version": "1.0.0",
    "lockfileVersion": 1,
    "requires": true,
    "dependencies": {
        "atmospherics": {
            "version": "1.0.1",
            "resolved": "https://registry.npmjs.org/atmospherics/-/atmospherics-1.0.1.tgz",
            "integrity": "sha512-uxG1onto+809QuXsa7A8MetFwePvST6Q61xhSlOlVhqK1tY7AwI5KhxEXNckmjs8T/0UaakwF2W3nnZDDzYcRw=="
        },
        "pg-conversions": {
            "version": "1.0.1",
            "resolved": "https://registry.npmjs.org/pg-conversions/-/pg-conversions-1.0.1.tgz",
            "integrity": "sha512-kOBK1ChG/sCuP1/jUpFuoJEOPk65QmUypyT/ZU/SPX4ZWXCcgO2v1D86RKQmPVrITVzX6UH2kVDqeI4jAQ65oQ=="
        }
    }
}
